
Microsoft Visual Studio Solution File, Format Version 12.00
# Visual Studio Version 17
VisualStudioVersion = 17.3.32825.248
MinimumVisualStudioVersion = 10.0.40219.1
Project("{FAE04EC0-301F-11D3-BF4B-00C04F79EFBC}") = "CityInfo.API", "CityInfo.API\CityInfo.API.csproj", "{0168CA2A-04AA-4B6A-B0E1-7E9598E4F343}"
EndProject
Global
	GlobalSection(SolutionConfigurationPlatforms) = preSolution
		Debug|Any CPU = Debug|Any CPU
		Release|Any CPU = Release|Any CPU
	EndGlobalSection
	GlobalSection(ProjectConfigurationPlatforms) = postSolution
		{0168CA2A-04AA-4B6A-B0E1-7E9598E4F343}.Debug|Any CPU.ActiveCfg = Debug|Any CPU
		{0168CA2A-04AA-4B6A-B0E1-7E9598E4F343}.Debug|Any CPU.Build.0 = Debug|Any CPU
		{0168CA2A-04AA-4B6A-B0E1-7E9598E4F343}.Release|Any CPU.ActiveCfg = Release|Any CPU
		{0168CA2A-04AA-4B6A-B0E1-7E9598E4F343}.Release|Any CPU.Build.0 = Release|Any CPU
	EndGlobalSection
	GlobalSection(SolutionProperties) = preSolution
		HideSolutionNode = FALSE
	EndGlobalSection
	GlobalSection(ExtensibilityGlobals) = postSolution
		SolutionGuid = {12CCBE38-0559-481B-9DE5-CAB9699C486C}
	EndGlobalSection
EndGlobal
